
Microsoft Visual Studio Solution File, Format Version 12.00
# Visual Studio Version 16
VisualStudioVersion = 16.0.32602.291
MinimumVisualStudioVersion = 10.0.40219.1
Project("{FAE04EC0-301F-11D3-BF4B-00C04F79EFBC}") = "BethanysPieShopMobile", "BethanysPieShopMobile\BethanysPieShopMobile.csproj", "{2644ECAB-E8DF-471B-A72A-89EE868924F6}"
EndProject
Global
	GlobalSection(SolutionConfigurationPlatforms) = preSolution
		Debug|Any CPU = Debug|Any CPU
		Release|Any CPU = Release|Any CPU
	EndGlobalSection
	GlobalSection(ProjectConfigurationPlatforms) = postSolution
		{2644ECAB-E8DF-471B-A72A-89EE868924F6}.Debug|Any CPU.ActiveCfg = Debug|Any CPU
		{2644ECAB-E8DF-471B-A72A-89EE868924F6}.Debug|Any CPU.Build.0 = Debug|Any CPU
		{2644ECAB-E8DF-471B-A72A-89EE868924F6}.Debug|Any CPU.Deploy.0 = Debug|Any CPU
		{2644ECAB-E8DF-471B-A72A-89EE868924F6}.Release|Any CPU.ActiveCfg = Release|Any CPU
		{2644ECAB-E8DF-471B-A72A-89EE868924F6}.Release|Any CPU.Build.0 = Release|Any CPU
		{2644ECAB-E8DF-471B-A72A-89EE868924F6}.Release|Any CPU.Deploy.0 = Release|Any CPU
	EndGlobalSection
	GlobalSection(SolutionProperties) = preSolution
		HideSolutionNode = FALSE
	EndGlobalSection
	GlobalSection(ExtensibilityGlobals) = postSolution
		SolutionGuid = {E820200C-046F-4D5D-8D73-A10BA0EB1B2A}
	EndGlobalSection
EndGlobal
